{
  "name": "bazooka-theme",
  "version": "0.0.1",
  "lockfileVersion": 3,
  "requires": true,
  "packages": {
    "": {
      "name": "bazooka-theme",
      "version": "0.0.1",
      "dependencies": {
        "bazooka-theme": "file:"
      },
      "engines": {
        "vscode": "^1.97.2"
      }
    },
    "node_modules/bazooka-theme": {
      "resolved": "",
      "link": true
    }
  }
}
